
Microsoft Visual Studio Solution File, Format Version 12.00
# Visual Studio Version 17
VisualStudioVersion = 17.9.34607.119
MinimumVisualStudioVersion = 10.0.40219.1
Project("{9A19103F-16F7-4668-BE54-9A1E7A4F7556}") = "Notifier", "Notifier.csproj", "{5C95A85E-B9F4-46A1-A668-E3FCE1DB96A2}"
EndProject
Project("{FAE04EC0-301F-11D3-BF4B-00C04F79EFBC}") = "NotifierNotify", "..\NotifierNotify\NotifierNotify.csproj", "{4373B54C-DB5F-4F72-B9EF-C131E274041F}"
EndProject
Global
	GlobalSection(SolutionConfigurationPlatforms) = preSolution
		Debug|Any CPU = Debug|Any CPU
		Release|Any CPU = Release|Any CPU
	EndGlobalSection
	GlobalSection(ProjectConfigurationPlatforms) = postSolution
		{5C95A85E-B9F4-46A1-A668-E3FCE1DB96A2}.Debug|Any CPU.ActiveCfg = Debug|Any CPU
		{5C95A85E-B9F4-46A1-A668-E3FCE1DB96A2}.Debug|Any CPU.Build.0 = Debug|Any CPU
		{5C95A85E-B9F4-46A1-A668-E3FCE1DB96A2}.Release|Any CPU.ActiveCfg = Release|Any CPU
		{5C95A85E-B9F4-46A1-A668-E3FCE1DB96A2}.Release|Any CPU.Build.0 = Release|Any CPU
		{4373B54C-DB5F-4F72-B9EF-C131E274041F}.Debug|Any CPU.ActiveCfg = Debug|Any CPU
		{4373B54C-DB5F-4F72-B9EF-C131E274041F}.Debug|Any CPU.Build.0 = Debug|Any CPU
		{4373B54C-DB5F-4F72-B9EF-C131E274041F}.Release|Any CPU.ActiveCfg = Release|Any CPU
		{4373B54C-DB5F-4F72-B9EF-C131E274041F}.Release|Any CPU.Build.0 = Release|Any CPU
	EndGlobalSection
	GlobalSection(SolutionProperties) = preSolution
		HideSolutionNode = FALSE
	EndGlobalSection
	GlobalSection(ExtensibilityGlobals) = postSolution
		SolutionGuid = {5499072D-364F-4ED2-ABD5-280C202E5449}
	EndGlobalSection
EndGlobal
